
Microsoft Visual Studio Solution File, Format Version 12.00
# Visual Studio Version 17
VisualStudioVersion = 17.3.32819.101
MinimumVisualStudioVersion = 10.0.40219.1
Project("{FAE04EC0-301F-11D3-BF4B-00C04F79EFBC}") = "Weather", "Weather\Weather.csproj", "{1DA2ACAC-7C52-4BD3-995F-B9078AE1E671}"
EndProject
Global
	GlobalSection(SolutionConfigurationPlatforms) = preSolution
		Debug|Any CPU = Debug|Any CPU
		Release|Any CPU = Release|Any CPU
	EndGlobalSection
	GlobalSection(ProjectConfigurationPlatforms) = postSolution
		{1DA2ACAC-7C52-4BD3-995F-B9078AE1E671}.Debug|Any CPU.ActiveCfg = Debug|Any CPU
		{1DA2ACAC-7C52-4BD3-995F-B9078AE1E671}.Debug|Any CPU.Build.0 = Debug|Any CPU
		{1DA2ACAC-7C52-4BD3-995F-B9078AE1E671}.Release|Any CPU.ActiveCfg = Release|Any CPU
		{1DA2ACAC-7C52-4BD3-995F-B9078AE1E671}.Release|Any CPU.Build.0 = Release|Any CPU
	EndGlobalSection
	GlobalSection(SolutionProperties) = preSolution
		HideSolutionNode = FALSE
	EndGlobalSection
	GlobalSection(ExtensibilityGlobals) = postSolution
		SolutionGuid = {66F316B8-3FF3-44D6-963D-EE5D355A77FB}
	EndGlobalSection
EndGlobal
